
Microsoft Visual Studio Solution File, Format Version 12.00
# Visual Studio Version 17
VisualStudioVersion = 17.5.33516.290
MinimumVisualStudioVersion = 10.0.40219.1
Project("{FAE04EC0-301F-11D3-BF4B-00C04F79EFBC}") = "ThreadPool", "ThreadPool\ThreadPool.csproj", "{434238CE-547B-4374-8F37-EFCD79249F7B}"
EndProject
Project("{FAE04EC0-301F-11D3-BF4B-00C04F79EFBC}") = "ThreadPoolTests", "ThreadPoolTests\ThreadPoolTests.csproj", "{BE69A006-808B-4A03-8ADF-A713E3922A0D}"
EndProject
Global
	GlobalSection(SolutionConfigurationPlatforms) = preSolution
		Debug|Any CPU = Debug|Any CPU
		Release|Any CPU = Release|Any CPU
	EndGlobalSection
	GlobalSection(ProjectConfigurationPlatforms) = postSolution
		{434238CE-547B-4374-8F37-EFCD79249F7B}.Debug|Any CPU.ActiveCfg = Debug|Any CPU
		{434238CE-547B-4374-8F37-EFCD79249F7B}.Debug|Any CPU.Build.0 = Debug|Any CPU
		{434238CE-547B-4374-8F37-EFCD79249F7B}.Release|Any CPU.ActiveCfg = Release|Any CPU
		{434238CE-547B-4374-8F37-EFCD79249F7B}.Release|Any CPU.Build.0 = Release|Any CPU
		{BE69A006-808B-4A03-8ADF-A713E3922A0D}.Debug|Any CPU.ActiveCfg = Debug|Any CPU
		{BE69A006-808B-4A03-8ADF-A713E3922A0D}.Debug|Any CPU.Build.0 = Debug|Any CPU
		{BE69A006-808B-4A03-8ADF-A713E3922A0D}.Release|Any CPU.ActiveCfg = Release|Any CPU
		{BE69A006-808B-4A03-8ADF-A713E3922A0D}.Release|Any CPU.Build.0 = Release|Any CPU
	EndGlobalSection
	GlobalSection(SolutionProperties) = preSolution
		HideSolutionNode = FALSE
	EndGlobalSection
	GlobalSection(ExtensibilityGlobals) = postSolution
		SolutionGuid = {3CD8A1CD-620F-42B9-81FE-AC9AED60B7E7}
	EndGlobalSection
EndGlobal
