
Microsoft Visual Studio Solution File, Format Version 12.00
Project("{FAE04EC0-301F-11D3-BF4B-00C04F79EFBC}") = "ThreadPool", "ThreadPool\ThreadPool.csproj", "{0FF5C631-0C66-4F2E-8B07-F38B977B3944}"
EndProject
Project("{FAE04EC0-301F-11D3-BF4B-00C04F79EFBC}") = "ThreadPoolTest", "ThreadPoolTest\ThreadPoolTest.csproj", "{56C222C6-6D6F-4A67-BB84-ED4CAAFE8917}"
EndProject
Global
	GlobalSection(SolutionConfigurationPlatforms) = preSolution
		Debug|Any CPU = Debug|Any CPU
		Release|Any CPU = Release|Any CPU
	EndGlobalSection
	GlobalSection(ProjectConfigurationPlatforms) = postSolution
		{0FF5C631-0C66-4F2E-8B07-F38B977B3944}.Debug|Any CPU.ActiveCfg = Debug|Any CPU
		{0FF5C631-0C66-4F2E-8B07-F38B977B3944}.Debug|Any CPU.Build.0 = Debug|Any CPU
		{0FF5C631-0C66-4F2E-8B07-F38B977B3944}.Release|Any CPU.ActiveCfg = Release|Any CPU
		{0FF5C631-0C66-4F2E-8B07-F38B977B3944}.Release|Any CPU.Build.0 = Release|Any CPU
		{56C222C6-6D6F-4A67-BB84-ED4CAAFE8917}.Debug|Any CPU.ActiveCfg = Debug|Any CPU
		{56C222C6-6D6F-4A67-BB84-ED4CAAFE8917}.Debug|Any CPU.Build.0 = Debug|Any CPU
		{56C222C6-6D6F-4A67-BB84-ED4CAAFE8917}.Release|Any CPU.ActiveCfg = Release|Any CPU
		{56C222C6-6D6F-4A67-BB84-ED4CAAFE8917}.Release|Any CPU.Build.0 = Release|Any CPU
	EndGlobalSection
EndGlobal
