
Microsoft Visual Studio Solution File, Format Version 12.00
# Visual Studio Version 17
VisualStudioVersion = 17.5.33530.505
MinimumVisualStudioVersion = 10.0.40219.1
Project("{9A19103F-16F7-4668-BE54-9A1E7A4F7556}") = "Task5", "Task5\Task5.csproj", "{B6F393C0-6B1D-41CF-AEF7-CB0FCA453876}"
EndProject
Project("{FAE04EC0-301F-11D3-BF4B-00C04F79EFBC}") = "Task5Ui", "Task5Ui\Task5Ui.csproj", "{179E0406-4551-4B45-891B-26ADFE2F5A1F}"
EndProject
Project("{FAE04EC0-301F-11D3-BF4B-00C04F79EFBC}") = "Task5Tests", "Task5Tests\Task5Tests.csproj", "{FCD3E1BA-29BF-436B-9254-F6C8E7840FFC}"
EndProject
Global
	GlobalSection(SolutionConfigurationPlatforms) = preSolution
		Debug|Any CPU = Debug|Any CPU
		Release|Any CPU = Release|Any CPU
	EndGlobalSection
	GlobalSection(ProjectConfigurationPlatforms) = postSolution
		{B6F393C0-6B1D-41CF-AEF7-CB0FCA453876}.Debug|Any CPU.ActiveCfg = Debug|Any CPU
		{B6F393C0-6B1D-41CF-AEF7-CB0FCA453876}.Debug|Any CPU.Build.0 = Debug|Any CPU
		{B6F393C0-6B1D-41CF-AEF7-CB0FCA453876}.Release|Any CPU.ActiveCfg = Release|Any CPU
		{B6F393C0-6B1D-41CF-AEF7-CB0FCA453876}.Release|Any CPU.Build.0 = Release|Any CPU
		{179E0406-4551-4B45-891B-26ADFE2F5A1F}.Debug|Any CPU.ActiveCfg = Debug|Any CPU
		{179E0406-4551-4B45-891B-26ADFE2F5A1F}.Debug|Any CPU.Build.0 = Debug|Any CPU
		{179E0406-4551-4B45-891B-26ADFE2F5A1F}.Release|Any CPU.ActiveCfg = Release|Any CPU
		{179E0406-4551-4B45-891B-26ADFE2F5A1F}.Release|Any CPU.Build.0 = Release|Any CPU
		{FCD3E1BA-29BF-436B-9254-F6C8E7840FFC}.Debug|Any CPU.ActiveCfg = Debug|Any CPU
		{FCD3E1BA-29BF-436B-9254-F6C8E7840FFC}.Debug|Any CPU.Build.0 = Debug|Any CPU
		{FCD3E1BA-29BF-436B-9254-F6C8E7840FFC}.Release|Any CPU.ActiveCfg = Release|Any CPU
		{FCD3E1BA-29BF-436B-9254-F6C8E7840FFC}.Release|Any CPU.Build.0 = Release|Any CPU
	EndGlobalSection
	GlobalSection(SolutionProperties) = preSolution
		HideSolutionNode = FALSE
	EndGlobalSection
	GlobalSection(ExtensibilityGlobals) = postSolution
		SolutionGuid = {EAD52328-6610-47C3-A83A-CD74A5DA7373}
	EndGlobalSection
EndGlobal
