
Microsoft Visual Studio Solution File, Format Version 12.00
# Visual Studio Version 17
VisualStudioVersion = 17.5.33530.505
MinimumVisualStudioVersion = 10.0.40219.1
Project("{9A19103F-16F7-4668-BE54-9A1E7A4F7556}") = "Task4", "Task4\Task4.csproj", "{C9499557-4BB4-4415-ACBA-FCCE69B6EF54}"
EndProject
Project("{FAE04EC0-301F-11D3-BF4B-00C04F79EFBC}") = "Tests", "Tests\Tests.csproj", "{83F1FA64-BE2F-4EBE-9942-CFC8462B615D}"
EndProject
Global
	GlobalSection(SolutionConfigurationPlatforms) = preSolution
		Debug|Any CPU = Debug|Any CPU
		Release|Any CPU = Release|Any CPU
	EndGlobalSection
	GlobalSection(ProjectConfigurationPlatforms) = postSolution
		{C9499557-4BB4-4415-ACBA-FCCE69B6EF54}.Debug|Any CPU.ActiveCfg = Debug|Any CPU
		{C9499557-4BB4-4415-ACBA-FCCE69B6EF54}.Debug|Any CPU.Build.0 = Debug|Any CPU
		{C9499557-4BB4-4415-ACBA-FCCE69B6EF54}.Release|Any CPU.ActiveCfg = Release|Any CPU
		{C9499557-4BB4-4415-ACBA-FCCE69B6EF54}.Release|Any CPU.Build.0 = Release|Any CPU
		{83F1FA64-BE2F-4EBE-9942-CFC8462B615D}.Debug|Any CPU.ActiveCfg = Debug|Any CPU
		{83F1FA64-BE2F-4EBE-9942-CFC8462B615D}.Debug|Any CPU.Build.0 = Debug|Any CPU
		{83F1FA64-BE2F-4EBE-9942-CFC8462B615D}.Release|Any CPU.ActiveCfg = Release|Any CPU
		{83F1FA64-BE2F-4EBE-9942-CFC8462B615D}.Release|Any CPU.Build.0 = Release|Any CPU
	EndGlobalSection
	GlobalSection(SolutionProperties) = preSolution
		HideSolutionNode = FALSE
	EndGlobalSection
	GlobalSection(ExtensibilityGlobals) = postSolution
		SolutionGuid = {7CACDC13-A5A2-4CA5-B4CA-70B116E92EBB}
	EndGlobalSection
EndGlobal
